
Microsoft Visual Studio Solution File, Format Version 12.00
# Visual Studio Version 16
VisualStudioVersion = 16.0.30413.136
MinimumVisualStudioVersion = 10.0.40219.1
Project("{FAE04EC0-301F-11D3-BF4B-00C04F79EFBC}") = "Selection_Statements_Exercise", "Selection_Statements_Exercise\Selection_Statements_Exercise.csproj", "{2C5A63F0-ED56-4B74-9A55-594307AEFECF}"
EndProject
Global
	GlobalSection(SolutionConfigurationPlatforms) = preSolution
		Debug|Any CPU = Debug|Any CPU
		Release|Any CPU = Release|Any CPU
	EndGlobalSection
	GlobalSection(ProjectConfigurationPlatforms) = postSolution
		{2C5A63F0-ED56-4B74-9A55-594307AEFECF}.Debug|Any CPU.ActiveCfg = Debug|Any CPU
		{2C5A63F0-ED56-4B74-9A55-594307AEFECF}.Debug|Any CPU.Build.0 = Debug|Any CPU
		{2C5A63F0-ED56-4B74-9A55-594307AEFECF}.Release|Any CPU.ActiveCfg = Release|Any CPU
		{2C5A63F0-ED56-4B74-9A55-594307AEFECF}.Release|Any CPU.Build.0 = Release|Any CPU
	EndGlobalSection
	GlobalSection(SolutionProperties) = preSolution
		HideSolutionNode = FALSE
	EndGlobalSection
	GlobalSection(ExtensibilityGlobals) = postSolution
		SolutionGuid = {42660144-E6FA-48A4-911A-5017FBE46902}
	EndGlobalSection
EndGlobal
